
Microsoft Visual Studio Solution File, Format Version 12.00
# Visual Studio Version 17
VisualStudioVersion = 17.14.36221.1 d17.14
MinimumVisualStudioVersion = 10.0.40219.1
Project("{FAE04EC0-301F-11D3-BF4B-00C04F79EFBC}") = "RealEstate.Api", "backend\RealEstate.Api\RealEstate.Api.csproj", "{2639FC3E-06D7-E4F0-9399-2679DA8FC10E}"
EndProject
Global
	GlobalSection(SolutionConfigurationPlatforms) = preSolution
		Debug|Any CPU = Debug|Any CPU
		Release|Any CPU = Release|Any CPU
	EndGlobalSection
	GlobalSection(ProjectConfigurationPlatforms) = postSolution
		{2639FC3E-06D7-E4F0-9399-2679DA8FC10E}.Debug|Any CPU.ActiveCfg = Debug|Any CPU
		{2639FC3E-06D7-E4F0-9399-2679DA8FC10E}.Debug|Any CPU.Build.0 = Debug|Any CPU
		{2639FC3E-06D7-E4F0-9399-2679DA8FC10E}.Release|Any CPU.ActiveCfg = Release|Any CPU
		{2639FC3E-06D7-E4F0-9399-2679DA8FC10E}.Release|Any CPU.Build.0 = Release|Any CPU
	EndGlobalSection
	GlobalSection(SolutionProperties) = preSolution
		HideSolutionNode = FALSE
	EndGlobalSection
	GlobalSection(ExtensibilityGlobals) = postSolution
		SolutionGuid = {883BBDAA-772A-4ECE-9529-9D84E1F5C78C}
	EndGlobalSection
EndGlobal
